
Microsoft Visual Studio Solution File, Format Version 12.00
# Visual Studio Express 2012 for Windows Desktop
Project("{FAE04EC0-301F-11D3-BF4B-00C04F79EFBC}") = "ATL", "ATL\ATL.csproj", "{27C03311-C017-4E99-8B35-0005102B2DAC}"
EndProject
Project("{FAE04EC0-301F-11D3-BF4B-00C04F79EFBC}") = "ATL.test", "ATL.test\ATL.test.csproj", "{E3927F5A-FA4C-459C-B13D-C53805AA10D0}"
	ProjectSection(ProjectDependencies) = postProject
		{27C03311-C017-4E99-8B35-0005102B2DAC} = {27C03311-C017-4E99-8B35-0005102B2DAC}
	EndProjectSection
EndProject
Project("{FAE04EC0-301F-11D3-BF4B-00C04F79EFBC}") = "ATL.online", "ATL.online\ATL.online.csproj", "{B889418E-ACE0-4623-9232-C8F7333D0613}"
EndProject
Global
	GlobalSection(SolutionConfigurationPlatforms) = preSolution
		Debug|Any CPU = Debug|Any CPU
		Release|Any CPU = Release|Any CPU
	EndGlobalSection
	GlobalSection(ProjectConfigurationPlatforms) = postSolution
		{27C03311-C017-4E99-8B35-0005102B2DAC}.Debug|Any CPU.ActiveCfg = Debug|Any CPU
		{27C03311-C017-4E99-8B35-0005102B2DAC}.Debug|Any CPU.Build.0 = Debug|Any CPU
		{27C03311-C017-4E99-8B35-0005102B2DAC}.Release|Any CPU.ActiveCfg = Release|Any CPU
		{27C03311-C017-4E99-8B35-0005102B2DAC}.Release|Any CPU.Build.0 = Release|Any CPU
		{E3927F5A-FA4C-459C-B13D-C53805AA10D0}.Debug|Any CPU.ActiveCfg = Debug|Any CPU
		{E3927F5A-FA4C-459C-B13D-C53805AA10D0}.Debug|Any CPU.Build.0 = Debug|Any CPU
		{E3927F5A-FA4C-459C-B13D-C53805AA10D0}.Release|Any CPU.ActiveCfg = Release|Any CPU
		{E3927F5A-FA4C-459C-B13D-C53805AA10D0}.Release|Any CPU.Build.0 = Release|Any CPU
		{B889418E-ACE0-4623-9232-C8F7333D0613}.Debug|Any CPU.ActiveCfg = Debug|Any CPU
		{B889418E-ACE0-4623-9232-C8F7333D0613}.Debug|Any CPU.Build.0 = Debug|Any CPU
		{B889418E-ACE0-4623-9232-C8F7333D0613}.Release|Any CPU.ActiveCfg = Release|Any CPU
		{B889418E-ACE0-4623-9232-C8F7333D0613}.Release|Any CPU.Build.0 = Release|Any CPU
	EndGlobalSection
	GlobalSection(SolutionProperties) = preSolution
		HideSolutionNode = FALSE
	EndGlobalSection
EndGlobal
