
Microsoft Visual Studio Solution File, Format Version 12.00
# Visual Studio 15
VisualStudioVersion = 15.0.27703.2026
MinimumVisualStudioVersion = 10.0.40219.1
Project("{9A19103F-16F7-4668-BE54-9A1E7A4F7556}") = "ATL", "ATL\ATL.csproj", "{27C03311-C017-4E99-8B35-0005102B2DAC}"
EndProject
Project("{FAE04EC0-301F-11D3-BF4B-00C04F79EFBC}") = "ATL.test", "ATL.test\ATL.test.csproj", "{E3927F5A-FA4C-459C-B13D-C53805AA10D0}"
	ProjectSection(ProjectDependencies) = postProject
		{27C03311-C017-4E99-8B35-0005102B2DAC} = {27C03311-C017-4E99-8B35-0005102B2DAC}
	EndProjectSection
EndProject
Project("{2150E333-8FDC-42A3-9474-1A3956D46DE8}") = "Solution Items", "Solution Items", "{DE0396E1-29F4-4C21-9F1E-22190DEBF1FE}"
	ProjectSection(SolutionItems) = preProject
		.appveyor.yml = .appveyor.yml
		.travis.yml = .travis.yml
		ATL\ATL.nuspec = ATL\ATL.nuspec
	EndProjectSection
EndProject
Project("{FAE04EC0-301F-11D3-BF4B-00C04F79EFBC}") = "ATL.benchmark", "ATL.benchmark\ATL.benchmark.csproj", "{64F84F45-D8D6-46CE-96BF-3D7F93A43C63}"
EndProject
Project("{2150E333-8FDC-42A3-9474-1A3956D46DE8}") = "wiki-images", "wiki-images", "{45AB5527-A5C5-48A7-B5DC-973FD02101A8}"
	ProjectSection(SolutionItems) = preProject
		wiki-images\yuml.txt = wiki-images\yuml.txt
	EndProjectSection
EndProject
Global
	GlobalSection(SolutionConfigurationPlatforms) = preSolution
		Debug|Any CPU = Debug|Any CPU
		Debug|x86 = Debug|x86
		Release|Any CPU = Release|Any CPU
		Release|x86 = Release|x86
	EndGlobalSection
	GlobalSection(ProjectConfigurationPlatforms) = postSolution
		{27C03311-C017-4E99-8B35-0005102B2DAC}.Debug|Any CPU.ActiveCfg = Debug|Any CPU
		{27C03311-C017-4E99-8B35-0005102B2DAC}.Debug|Any CPU.Build.0 = Debug|Any CPU
		{27C03311-C017-4E99-8B35-0005102B2DAC}.Debug|x86.ActiveCfg = Debug|Any CPU
		{27C03311-C017-4E99-8B35-0005102B2DAC}.Debug|x86.Build.0 = Debug|Any CPU
		{27C03311-C017-4E99-8B35-0005102B2DAC}.Release|Any CPU.ActiveCfg = Release|Any CPU
		{27C03311-C017-4E99-8B35-0005102B2DAC}.Release|Any CPU.Build.0 = Release|Any CPU
		{27C03311-C017-4E99-8B35-0005102B2DAC}.Release|x86.ActiveCfg = Release|Any CPU
		{27C03311-C017-4E99-8B35-0005102B2DAC}.Release|x86.Build.0 = Release|Any CPU
		{E3927F5A-FA4C-459C-B13D-C53805AA10D0}.Debug|Any CPU.ActiveCfg = Debug|Any CPU
		{E3927F5A-FA4C-459C-B13D-C53805AA10D0}.Debug|Any CPU.Build.0 = Debug|Any CPU
		{E3927F5A-FA4C-459C-B13D-C53805AA10D0}.Debug|x86.ActiveCfg = Debug|Any CPU
		{E3927F5A-FA4C-459C-B13D-C53805AA10D0}.Debug|x86.Build.0 = Debug|Any CPU
		{E3927F5A-FA4C-459C-B13D-C53805AA10D0}.Release|Any CPU.ActiveCfg = Release|Any CPU
		{E3927F5A-FA4C-459C-B13D-C53805AA10D0}.Release|Any CPU.Build.0 = Release|Any CPU
		{E3927F5A-FA4C-459C-B13D-C53805AA10D0}.Release|x86.ActiveCfg = Release|Any CPU
		{E3927F5A-FA4C-459C-B13D-C53805AA10D0}.Release|x86.Build.0 = Release|Any CPU
		{64F84F45-D8D6-46CE-96BF-3D7F93A43C63}.Debug|Any CPU.ActiveCfg = Debug|Any CPU
		{64F84F45-D8D6-46CE-96BF-3D7F93A43C63}.Debug|Any CPU.Build.0 = Debug|Any CPU
		{64F84F45-D8D6-46CE-96BF-3D7F93A43C63}.Debug|x86.ActiveCfg = Debug|x86
		{64F84F45-D8D6-46CE-96BF-3D7F93A43C63}.Debug|x86.Build.0 = Debug|x86
		{64F84F45-D8D6-46CE-96BF-3D7F93A43C63}.Release|Any CPU.ActiveCfg = Release|Any CPU
		{64F84F45-D8D6-46CE-96BF-3D7F93A43C63}.Release|Any CPU.Build.0 = Release|Any CPU
		{64F84F45-D8D6-46CE-96BF-3D7F93A43C63}.Release|x86.ActiveCfg = Release|x86
		{64F84F45-D8D6-46CE-96BF-3D7F93A43C63}.Release|x86.Build.0 = Release|x86
	EndGlobalSection
	GlobalSection(SolutionProperties) = preSolution
		HideSolutionNode = FALSE
	EndGlobalSection
	GlobalSection(ExtensibilityGlobals) = postSolution
		SolutionGuid = {1012EB12-F0DB-4250-A13E-E93400A7FF34}
	EndGlobalSection
EndGlobal
